// !$*UTF8*$!
{
	archiveVersion = 1;
	classes = {
	};
	objectVersion = 50;
	objects = {

/* Begin PBXBuildFile section */
		CEADB2C62357D68F00A35754 /* AppDelegate.swift in Sources */ = {isa = PBXBuildFile; fileRef = CEADB2C52357D68F00A35754 /* AppDelegate.swift */; };
		CEADB2C82357D68F00A35754 /* SceneDelegate.swift in Sources */ = {isa = PBXBuildFile; fileRef = CEADB2C72357D68F00A35754 /* SceneDelegate.swift */; };
		CEADB2CA2357D68F00A35754 /* ViewController.swift in Sources */ = {isa = PBXBuildFile; fileRef = CEADB2C92357D68F00A35754 /* ViewController.swift */; };
		CEADB2CD2357D68F00A35754 /* Main.storyboard in Resources */ = {isa = PBXBuildFile; fileRef = CEADB2CB2357D68F00A35754 /* Main.storyboard */; };
		CEADB2CF2357D69200A35754 /* Assets.xcassets in Resources */ = {isa = PBXBuildFile; fileRef = CEADB2CE2357D69200A35754 /* Assets.xcassets */; };
		CEADB2D22357D69200A35754 /* LaunchScreen.storyboard in Resources */ = {isa = PBXBuildFile; fileRef = CEADB2D02357D69200A35754 /* LaunchScreen.storyboard */; };
		CEADB2DD2357D69200A35754 /* ShoppingListTests.swift in Sources */ = {isa = PBXBuildFile; fileRef = CEADB2DC2357D69200A35754 /* ShoppingListTests.swift */; };
		CEADB2E82357D69200A35754 /* ShoppingListUITests.swift in Sources */ = {isa = PBXBuildFile; fileRef = CEADB2E72357D69200A35754 /* ShoppingListUITests.swift */; };
/* End PBXBuildFile section */

/* Begin PBXContainerItemProxy section */
		CEADB2D92357D69200A35754 /* PBXContainerItemProxy */ = {
			isa = PBXContainerItemProxy;
			containerPortal = CEADB2BA2357D68F00A35754 /* Project object */;
			proxyType = 1;
			remoteGlobalIDString = CEADB2C12357D68F00A35754;
			remoteInfo = ShoppingList;
		};
		CEADB2E42357D69200A35754 /* PBXContainerItemProxy */ = {
			isa = PBXContainerItemProxy;
			containerPortal = CEADB2BA2357D68F00A35754 /* Project object */;
			proxyType = 1;
			remoteGlobalIDString = CEADB2C12357D68F00A35754;
			remoteInfo = ShoppingList;
		};
/* End PBXContainerItemProxy section */

/* Begin PBXFileReference section */
		CEADB2C22357D68F00A35754 /* ShoppingList.app */ = {isa = PBXFileReference; explicitFileType = wrapper.application; includeInIndex = 0; path = ShoppingList.app; sourceTree = BUILT_PRODUCTS_DIR; };
		CEADB2C52357D68F00A35754 /* AppDelegate.swift */ = {isa = PBXFileReference; lastKnownFileType = sourcecode.swift; path = AppDelegate.swift; sourceTree = "<group>"; };
		CEADB2C72357D68F00A35754 /* SceneDelegate.swift */ = {isa = PBXFileReference; lastKnownFileType = sourcecode.swift; path = SceneDelegate.swift; sourceTree = "<group>"; };
		CEADB2C92357D68F00A35754 /* ViewController.swift */ = {isa = PBXFileReference; lastKnownFileType = sourcecode.swift; path = ViewController.swift; sourceTree = "<group>"; };
		CEADB2CC2357D68F00A35754 /* Base */ = {isa = PBXFileReference; lastKnownFileType = file.storyboard; name = Base; path = Base.lproj/Main.storyboard; sourceTree = "<group>"; };
		CEADB2CE2357D69200A35754 /* Assets.xcassets */ = {isa = PBXFileReference; lastKnownFileType = folder.assetcatalog; path = Assets.xcassets; sourceTree = "<group>"; };
		CEADB2D12357D69200A35754 /* Base */ = {isa = PBXFileReference; lastKnownFileType = file.storyboard; name = Base; path = Base.lproj/LaunchScreen.storyboard; sourceTree = "<group>"; };
		CEADB2D32357D69200A35754 /* Info.plist */ = {isa = PBXFileReference; lastKnownFileType = text.plist.xml; path = Info.plist; sourceTree = "<group>"; };
		CEADB2D82357D69200A35754 /* ShoppingListTests.xctest */ = {isa = PBXFileReference; explicitFileType = wrapper.cfbundle; includeInIndex = 0; path = ShoppingListTests.xctest; sourceTree = BUILT_PRODUCTS_DIR; };
		CEADB2DC2357D69200A35754 /* ShoppingListTests.swift */ = {isa = PBXFileReference; lastKnownFileType = sourcecode.swift; path = ShoppingListTests.swift; sourceTree = "<group>"; };
		CEADB2DE2357D69200A35754 /* Info.plist */ = {isa = PBXFileReference; lastKnownFileType = text.plist.xml; path = Info.plist; sourceTree = "<group>"; };
		CEADB2E32357D69200A35754 /* ShoppingListUITests.xctest */ = {isa = PBXFileReference; explicitFileType = wrapper.cfbundle; includeInIndex = 0; path = ShoppingListUITests.xctest; sourceTree = BUILT_PRODUCTS_DIR; };
		CEADB2E72357D69200A35754 /* ShoppingListUITests.swift */ = {isa = PBXFileReference; lastKnownFileType = sourcecode.swift; path = ShoppingListUITests.swift; sourceTree = "<group>"; };
		CEADB2E92357D69200A35754 /* Info.plist */ = {isa = PBXFileReference; lastKnownFileType = text.plist.xml; path = Info.plist; sourceTree = "<group>"; };
/* End PBXFileReference section */

/* Begin PBXFrameworksBuildPhase section */
		CEADB2BF2357D68F00A35754 /* Frameworks */ = {
			isa = PBXFrameworksBuildPhase;
			buildActionMask = 2147483647;
			files = (
			);
			runOnlyForDeploymentPostprocessing = 0;
		};
		CEADB2D52357D69200A35754 /* Frameworks */ = {
			isa = PBXFrameworksBuildPhase;
			buildActionMask = 2147483647;
			files = (
			);
			runOnlyForDeploymentPostprocessing = 0;
		};
		CEADB2E02357D69200A35754 /* Frameworks */ = {
			isa = PBXFrameworksBuildPhase;
			buildActionMask = 2147483647;
			files = (
			);
			runOnlyForDeploymentPostprocessing = 0;
		};
/* End PBXFrameworksBuildPhase section */

/* Begin PBXGroup section */
		CEADB2B92357D68F00A35754 = {
			isa = PBXGroup;
			children = (
				CEADB2C42357D68F00A35754 /* ShoppingList */,
				CEADB2DB2357D69200A35754 /* ShoppingListTests */,
				CEADB2E62357D69200A35754 /* ShoppingListUITests */,
				CEADB2C32357D68F00A35754 /* Products */,
			);
			sourceTree = "<group>";
		};
		CEADB2C32357D68F00A35754 /* Products */ = {
			isa = PBXGroup;
			children = (
				CEADB2C22357D68F00A35754 /* ShoppingList.app */,
				CEADB2D82357D69200A35754 /* ShoppingListTests.xctest */,
				CEADB2E32357D69200A35754 /* ShoppingListUITests.xctest */,
			);
			name = Products;
			sourceTree = "<group>";
		};
		CEADB2C42357D68F00A35754 /* ShoppingList */ = {
			isa = PBXGroup;
			children = (
				CEADB2C52357D68F00A35754 /* AppDelegate.swift */,
				CEADB2C72357D68F00A35754 /* SceneDelegate.swift */,
				CEADB2C92357D68F00A35754 /* ViewController.swift */,
				CEADB2CB2357D68F00A35754 /* Main.storyboard */,
				CEADB2CE2357D69200A35754 /* Assets.xcassets */,
				CEADB2D02357D69200A35754 /* LaunchScreen.storyboard */,
				CEADB2D32357D69200A35754 /* Info.plist */,
			);
			path = ShoppingList;
			sourceTree = "<group>";
		};
		CEADB2DB2357D69200A35754 /* ShoppingListTests */ = {
			isa = PBXGroup;
			children = (
				CEADB2DC2357D69200A35754 /* ShoppingListTests.swift */,
				CEADB2DE2357D69200A35754 /* Info.plist */,
			);
			path = ShoppingListTests;
			sourceTree = "<group>";
		};
		CEADB2E62357D69200A35754 /* ShoppingListUITests */ = {
			isa = PBXGroup;
			children = (
				CEADB2E72357D69200A35754 /* ShoppingListUITests.swift */,
				CEADB2E92357D69200A35754 /* Info.plist */,
			);
			path = ShoppingListUITests;
			sourceTree = "<group>";
		};
/* End PBXGroup section */

/* Begin PBXNativeTarget section */
		CEADB2C12357D68F00A35754 /* ShoppingList */ = {
			isa = PBXNativeTarget;
			buildConfigurationList = CEADB2EC2357D69200A35754 /* Build configuration list for PBXNativeTarget "ShoppingList" */;
			buildPhases = (
				CEADB2BE2357D68F00A35754 /* Sources */,
				CEADB2BF2357D68F00A35754 /* Frameworks */,
				CEADB2C02357D68F00A35754 /* Resources */,
			);
			buildRules = (
			);
			dependencies = (
			);
			name = ShoppingList;
			productName = ShoppingList;
			productReference = CEADB2C22357D68F00A35754 /* ShoppingList.app */;
			productType = "com.apple.product-type.application";
		};
		CEADB2D72357D69200A35754 /* ShoppingListTests */ = {
			isa = PBXNativeTarget;
			buildConfigurationList = CEADB2EF2357D69200A35754 /* Build configuration list for PBXNativeTarget "ShoppingListTests" */;
			buildPhases = (
				CEADB2D42357D69200A35754 /* Sources */,
				CEADB2D52357D69200A35754 /* Frameworks */,
				CEADB2D62357D69200A35754 /* Resources */,
			);
			buildRules = (
			);
			dependencies = (
				CEADB2DA2357D69200A35754 /* PBXTargetDependency */,
			);
			name = ShoppingListTests;
			productName = ShoppingListTests;
			productReference = CEADB2D82357D69200A35754 /* ShoppingListTests.xctest */;
			productType = "com.apple.product-type.bundle.unit-test";
		};
		CEADB2E22357D69200A35754 /* ShoppingListUITests */ = {
			isa = PBXNativeTarget;
			buildConfigurationList = CEADB2F22357D69200A35754 /* Build configuration list for PBXNativeTarget "ShoppingListUITests" */;
			buildPhases = (
				CEADB2DF2357D69200A35754 /* Sources */,
				CEADB2E02357D69200A35754 /* Frameworks */,
				CEADB2E12357D69200A35754 /* Resources */,
			);
			buildRules = (
			);
			dependencies = (
				CEADB2E52357D69200A35754 /* PBXTargetDependency */,
			);
			name = ShoppingListUITests;
			productName = ShoppingListUITests;
			productReference = CEADB2E32357D69200A35754 /* ShoppingListUITests.xctest */;
			productType = "com.apple.product-type.bundle.ui-testing";
		};
/* End PBXNativeTarget section */

/* Begin PBXProject section */
		CEADB2BA2357D68F00A35754 /* Project object */ = {
			isa = PBXProject;
			attributes = {
				LastSwiftUpdateCheck = 1110;
				LastUpgradeCheck = 1110;
				ORGANIZATIONNAME = VC;
				TargetAttributes = {
					CEADB2C12357D68F00A35754 = {
						CreatedOnToolsVersion = 11.1;
					};
					CEADB2D72357D69200A35754 = {
						CreatedOnToolsVersion = 11.1;
						TestTargetID = CEADB2C12357D68F00A35754;
					};
					CEADB2E22357D69200A35754 = {
						CreatedOnToolsVersion = 11.1;
						TestTargetID = CEADB2C12357D68F00A35754;
					};
				};
			};
			buildConfigurationList = CEADB2BD2357D68F00A35754 /* Build configuration list for PBXProject "ShoppingList" */;
			compatibilityVersion = "Xcode 9.3";
			developmentRegion = en;
			hasScannedForEncodings = 0;
			knownRegions = (
				en,
				Base,
			);
			mainGroup = CEADB2B92357D68F00A35754;
			productRefGroup = CEADB2C32357D68F00A35754 /* Products */;
			projectDirPath = "";
			projectRoot = "";
			targets = (
				CEADB2C12357D68F00A35754 /* ShoppingList */,
				CEADB2D72357D69200A35754 /* ShoppingListTests */,
				CEADB2E22357D69200A35754 /* ShoppingListUITests */,
			);
		};
/* End PBXProject section */

/* Begin PBXResourcesBuildPhase section */
		CEADB2C02357D68F00A35754 /* Resources */ = {
			isa = PBXResourcesBuildPhase;
			buildActionMask = 2147483647;
			files = (
				CEADB2D22357D69200A35754 /* LaunchScreen.storyboard in Resources */,
				CEADB2CF2357D69200A35754 /* Assets.xcassets in Resources */,
				CEADB2CD2357D68F00A35754 /* Main.storyboard in Resources */,
			);
			runOnlyForDeploymentPostprocessing = 0;
		};
		CEADB2D62357D69200A35754 /* Resources */ = {
			isa = PBXResourcesBuildPhase;
			buildActionMask = 2147483647;
			files = (
			);
			runOnlyForDeploymentPostprocessing = 0;
		};
		CEADB2E12357D69200A35754 /* Resources */ = {
			isa = PBXResourcesBuildPhase;
			buildActionMask = 2147483647;
			files = (
			);
			runOnlyForDeploymentPostprocessing = 0;
		};
/* End PBXResourcesBuildPhase section */

/* Begin PBXSourcesBuildPhase section */
		CEADB2BE2357D68F00A35754 /* Sources */ = {
			isa = PBXSourcesBuildPhase;
			buildActionMask = 2147483647;
			files = (
				CEADB2CA2357D68F00A35754 /* ViewController.swift in Sources */,
				CEADB2C62357D68F00A35754 /* AppDelegate.swift in Sources */,
				CEADB2C82357D68F00A35754 /* SceneDelegate.swift in Sources */,
			);
			runOnlyForDeploymentPostprocessing = 0;
		};
		CEADB2D42357D69200A35754 /* Sources */ = {
			isa = PBXSourcesBuildPhase;
			buildActionMask = 2147483647;
			files = (
				CEADB2DD2357D69200A35754 /* ShoppingListTests.swift in Sources */,
			);
			runOnlyForDeploymentPostprocessing = 0;
		};
		CEADB2DF2357D69200A35754 /* Sources */ = {
			isa = PBXSourcesBuildPhase;
			buildActionMask = 2147483647;
			files = (
				CEADB2E82357D69200A35754 /* ShoppingListUITests.swift in Sources */,
			);
			runOnlyForDeploymentPostprocessing = 0;
		};
/* End PBXSourcesBuildPhase section */

/* Begin PBXTargetDependency section */
		CEADB2DA2357D69200A35754 /* PBXTargetDependency */ = {
			isa = PBXTargetDependency;
			target = CEADB2C12357D68F00A35754 /* ShoppingList */;
			targetProxy = CEADB2D92357D69200A35754 /* PBXContainerItemProxy */;
		};
		CEADB2E52357D69200A35754 /* PBXTargetDependency */ = {
			isa = PBXTargetDependency;
			target = CEADB2C12357D68F00A35754 /* ShoppingList */;
			targetProxy = CEADB2E42357D69200A35754 /* PBXContainerItemProxy */;
		};
/* End PBXTargetDependency section */

/* Begin PBXVariantGroup section */
		CEADB2CB2357D68F00A35754 /* Main.storyboard */ = {
			isa = PBXVariantGroup;
			children = (
				CEADB2CC2357D68F00A35754 /* Base */,
			);
			name = Main.storyboard;
			sourceTree = "<group>";
		};
		CEADB2D02357D69200A35754 /* LaunchScreen.storyboard */ = {
			isa = PBXVariantGroup;
			children = (
				CEADB2D12357D69200A35754 /* Base */,
			);
			name = LaunchScreen.storyboard;
			sourceTree = "<group>";
		};
/* End PBXVariantGroup section */

/* Begin XCBuildConfiguration section */
		CEADB2EA2357D69200A35754 /* Debug */ = {
			isa = XCBuildConfiguration;
			buildSettings = {
				ALWAYS_SEARCH_USER_PATHS = NO;
				CLANG_ANALYZER_NONNULL = YES;
				CLANG_ANALYZER_NUMBER_OBJECT_CONVERSION = YES_AGGRESSIVE;
				CLANG_CXX_LANGUAGE_STANDARD = "gnu++14";
				CLANG_CXX_LIBRARY = "libc++";
				CLANG_ENABLE_MODULES = YES;
				CLANG_ENABLE_OBJC_ARC = YES;
				CLANG_ENABLE_OBJC_WEAK = YES;
				CLANG_WARN_BLOCK_CAPTURE_AUTORELEASING = YES;
				CLANG_WARN_BOOL_CONVERSION = YES;
				CLANG_WARN_COMMA = YES;
				CLANG_WARN_CONSTANT_CONVERSION = YES;
				CLANG_WARN_DEPRECATED_OBJC_IMPLEMENTATIONS = YES;
				CLANG_WARN_DIRECT_OBJC_ISA_USAGE = YES_ERROR;
				CLANG_WARN_DOCUMENTATION_COMMENTS = YES;
				CLANG_WARN_EMPTY_BODY = YES;
				CLANG_WARN_ENUM_CONVERSION = YES;
				CLANG_WARN_INFINITE_RECURSION = YES;
				CLANG_WARN_INT_CONVERSION = YES;
				CLANG_WARN_NON_LITERAL_NULL_CONVERSION = YES;
				CLANG_WARN_OBJC_IMPLICIT_RETAIN_SELF = YES;
				CLANG_WARN_OBJC_LITERAL_CONVERSION = YES;
				CLANG_WARN_OBJC_ROOT_CLASS = YES_ERROR;
				CLANG_WARN_RANGE_LOOP_ANALYSIS = YES;
				CLANG_WARN_STRICT_PROTOTYPES = YES;
				CLANG_WARN_SUSPICIOUS_MOVE = YES;
				CLANG_WARN_UNGUARDED_AVAILABILITY = YES_AGGRESSIVE;
				CLANG_WARN_UNREACHABLE_CODE = YES;
				CLANG_WARN__DUPLICATE_METHOD_MATCH = YES;
				COPY_PHASE_STRIP = NO;
				DEBUG_INFORMATION_FORMAT = dwarf;
				ENABLE_STRICT_OBJC_MSGSEND = YES;
				ENABLE_TESTABILITY = YES;
				GCC_C_LANGUAGE_STANDARD = gnu11;
				GCC_DYNAMIC_NO_PIC = NO;
				GCC_NO_COMMON_BLOCKS = YES;
				GCC_OPTIMIZATION_LEVEL = 0;
				GCC_PREPROCESSOR_DEFINITIONS = (
					"DEBUG=1",
					"$(inherited)",
				);
				GCC_WARN_64_TO_32_BIT_CONVERSION = YES;
				GCC_WARN_ABOUT_RETURN_TYPE = YES_ERROR;
				GCC_WARN_UNDECLARED_SELECTOR = YES;
				GCC_WARN_UNINITIALIZED_AUTOS = YES_AGGRESSIVE;
				GCC_WARN_UNUSED_FUNCTION = YES;
				GCC_WARN_UNUSED_VARIABLE = YES;
				IPHONEOS_DEPLOYMENT_TARGET = 13.1;
				MTL_ENABLE_DEBUG_INFO = INCLUDE_SOURCE;
				MTL_FAST_MATH = YES;
				ONLY_ACTIVE_ARCH = YES;
				SDKROOT = iphoneos;
				SWIFT_ACTIVE_COMPILATION_CONDITIONS = DEBUG;
				SWIFT_OPTIMIZATION_LEVEL = "-Onone";
			};
			name = Debug;
		};
		CEADB2EB2357D69200A35754 /* Release */ = {
			isa = XCBuildConfiguration;
			buildSettings = {
				ALWAYS_SEARCH_USER_PATHS = NO;
				CLANG_ANALYZER_NONNULL = YES;
				CLANG_ANALYZER_NUMBER_OBJECT_CONVERSION = YES_AGGRESSIVE;
				CLANG_CXX_LANGUAGE_STANDARD = "gnu++14";
				CLANG_CXX_LIBRARY = "libc++";
				CLANG_ENABLE_MODULES = YES;
				CLANG_ENABLE_OBJC_ARC = YES;
				CLANG_ENABLE_OBJC_WEAK = YES;
				CLANG_WARN_BLOCK_CAPTURE_AUTORELEASING = YES;
				CLANG_WARN_BOOL_CONVERSION = YES;
				CLANG_WARN_COMMA = YES;
				CLANG_WARN_CONSTANT_CONVERSION = YES;
				CLANG_WARN_DEPRECATED_OBJC_IMPLEMENTATIONS = YES;
				CLANG_WARN_DIRECT_OBJC_ISA_USAGE = YES_ERROR;
				CLANG_WARN_DOCUMENTATION_COMMENTS = YES;
				CLANG_WARN_EMPTY_BODY = YES;
				CLANG_WARN_ENUM_CONVERSION = YES;
				CLANG_WARN_INFINITE_RECURSION = YES;
				CLANG_WARN_INT_CONVERSION = YES;
				CLANG_WARN_NON_LITERAL_NULL_CONVERSION = YES;
				CLANG_WARN_OBJC_IMPLICIT_RETAIN_SELF = YES;
				CLANG_WARN_OBJC_LITERAL_CONVERSION = YES;
				CLANG_WARN_OBJC_ROOT_CLASS = YES_ERROR;
				CLANG_WARN_RANGE_LOOP_ANALYSIS = YES;
				CLANG_WARN_STRICT_PROTOTYPES = YES;
				CLANG_WARN_SUSPICIOUS_MOVE = YES;
				CLANG_WARN_UNGUARDED_AVAILABILITY = YES_AGGRESSIVE;
				CLANG_WARN_UNREACHABLE_CODE = YES;
				CLANG_WARN__DUPLICATE_METHOD_MATCH = YES;
				COPY_PHASE_STRIP = NO;
				DEBUG_INFORMATION_FORMAT = "dwarf-with-dsym";
				ENABLE_NS_ASSERTIONS = NO;
				ENABLE_STRICT_OBJC_MSGSEND = YES;
				GCC_C_LANGUAGE_STANDARD = gnu11;
				GCC_NO_COMMON_BLOCKS = YES;
				GCC_WARN_64_TO_32_BIT_CONVERSION = YES;
				GCC_WARN_ABOUT_RETURN_TYPE = YES_ERROR;
				GCC_WARN_UNDECLARED_SELECTOR = YES;
				GCC_WARN_UNINITIALIZED_AUTOS = YES_AGGRESSIVE;
				GCC_WARN_UNUSED_FUNCTION = YES;
				GCC_WARN_UNUSED_VARIABLE = YES;
				IPHONEOS_DEPLOYMENT_TARGET = 13.1;
				MTL_ENABLE_DEBUG_INFO = NO;
				MTL_FAST_MATH = YES;
				SDKROOT = iphoneos;
				SWIFT_COMPILATION_MODE = wholemodule;
				SWIFT_OPTIMIZATION_LEVEL = "-O";
				VALIDATE_PRODUCT = YES;
			};
			name = Release;
		};
		CEADB2ED2357D69200A35754 /* Debug */ = {
			isa = XCBuildConfiguration;
			buildSettings = {
				ASSETCATALOG_COMPILER_APPICON_NAME = AppIcon;
				CODE_SIGN_STYLE = Automatic;
				DEVELOPMENT_TEAM = BD79649ZS2;
				INFOPLIST_FILE = ShoppingList/Info.plist;
				LD_RUNPATH_SEARCH_PATHS = (
					"$(inherited)",
					"@executable_path/Frameworks",
				);
				PRODUCT_BUNDLE_IDENTIFIER = VC.ShoppingList;
				PRODUCT_NAME = "$(TARGET_NAME)";
				SWIFT_VERSION = 5.0;
				TARGETED_DEVICE_FAMILY = "1,2";
			};
			name = Debug;
		};
		CEADB2EE2357D69200A35754 /* Release */ = {
			isa = XCBuildConfiguration;
			buildSettings = {
				ASSETCATALOG_COMPILER_APPICON_NAME = AppIcon;
				CODE_SIGN_STYLE = Automatic;
				DEVELOPMENT_TEAM = BD79649ZS2;
				INFOPLIST_FILE = ShoppingList/Info.plist;
				LD_RUNPATH_SEARCH_PATHS = (
					"$(inherited)",
					"@executable_path/Frameworks",
				);
				PRODUCT_BUNDLE_IDENTIFIER = VC.ShoppingList;
				PRODUCT_NAME = "$(TARGET_NAME)";
				SWIFT_VERSION = 5.0;
				TARGETED_DEVICE_FAMILY = "1,2";
			};
			name = Release;
		};
		CEADB2F02357D69200A35754 /* Debug */ = {
			isa = XCBuildConfiguration;
			buildSettings = {
				ALWAYS_EMBED_SWIFT_STANDARD_LIBRARIES = YES;
				BUNDLE_LOADER = "$(TEST_HOST)";
				CODE_SIGN_STYLE = Automatic;
				DEVELOPMENT_TEAM = BD79649ZS2;
				INFOPLIST_FILE = ShoppingListTests/Info.plist;
				IPHONEOS_DEPLOYMENT_TARGET = 13.1;
				LD_RUNPATH_SEARCH_PATHS = (
					"$(inherited)",
					"@executable_path/Frameworks",
					"@loader_path/Frameworks",
				);
				PRODUCT_BUNDLE_IDENTIFIER = VC.ShoppingListTests;
				PRODUCT_NAME = "$(TARGET_NAME)";
				SWIFT_VERSION = 5.0;
				TARGETED_DEVICE_FAMILY = "1,2";
				TEST_HOST = "$(BUILT_PRODUCTS_DIR)/ShoppingList.app/ShoppingList";
			};
			name = Debug;
		};
		CEADB2F12357D69200A35754 /* Release */ = {
			isa = XCBuildConfiguration;
			buildSettings = {
				ALWAYS_EMBED_SWIFT_STANDARD_LIBRARIES = YES;
				BUNDLE_LOADER = "$(TEST_HOST)";
				CODE_SIGN_STYLE = Automatic;
				DEVELOPMENT_TEAM = BD79649ZS2;
				INFOPLIST_FILE = ShoppingListTests/Info.plist;
				IPHONEOS_DEPLOYMENT_TARGET = 13.1;
				LD_RUNPATH_SEARCH_PATHS = (
					"$(inherited)",
					"@executable_path/Frameworks",
					"@loader_path/Frameworks",
				);
				PRODUCT_BUNDLE_IDENTIFIER = VC.ShoppingListTests;
				PRODUCT_NAME = "$(TARGET_NAME)";
				SWIFT_VERSION = 5.0;
				TARGETED_DEVICE_FAMILY = "1,2";
				TEST_HOST = "$(BUILT_PRODUCTS_DIR)/ShoppingList.app/ShoppingList";
			};
			name = Release;
		};
		CEADB2F32357D69200A35754 /* Debug */ = {
			isa = XCBuildConfiguration;
			buildSettings = {
				ALWAYS_EMBED_SWIFT_STANDARD_LIBRARIES = YES;
				CODE_SIGN_STYLE = Automatic;
				DEVELOPMENT_TEAM = BD79649ZS2;
				INFOPLIST_FILE = ShoppingListUITests/Info.plist;
				LD_RUNPATH_SEARCH_PATHS = (
					"$(inherited)",
					"@executable_path/Frameworks",
					"@loader_path/Frameworks",
				);
				PRODUCT_BUNDLE_IDENTIFIER = VC.ShoppingListUITests;
				PRODUCT_NAME = "$(TARGET_NAME)";
				SWIFT_VERSION = 5.0;
				TARGETED_DEVICE_FAMILY = "1,2";
				TEST_TARGET_NAME = ShoppingList;
			};
			name = Debug;
		};
		CEADB2F42357D69200A35754 /* Release */ = {
			isa = XCBuildConfiguration;
			buildSettings = {
				ALWAYS_EMBED_SWIFT_STANDARD_LIBRARIES = YES;
				CODE_SIGN_STYLE = Automatic;
				DEVELOPMENT_TEAM = BD79649ZS2;
				INFOPLIST_FILE = ShoppingListUITests/Info.plist;
				LD_RUNPATH_SEARCH_PATHS = (
					"$(inherited)",
					"@executable_path/Frameworks",
					"@loader_path/Frameworks",
				);
				PRODUCT_BUNDLE_IDENTIFIER = VC.ShoppingListUITests;
				PRODUCT_NAME = "$(TARGET_NAME)";
				SWIFT_VERSION = 5.0;
				TARGETED_DEVICE_FAMILY = "1,2";
				TEST_TARGET_NAME = ShoppingList;
			};
			name = Release;
		};
/* End XCBuildConfiguration section */

/* Begin XCConfigurationList section */
		CEADB2BD2357D68F00A35754 /* Build configuration list for PBXProject "ShoppingList" */ = {
			isa = XCConfigurationList;
			buildConfigurations = (
				CEADB2EA2357D69200A35754 /* Debug */,
				CEADB2EB2357D69200A35754 /* Release */,
			);
			defaultConfigurationIsVisible = 0;
			defaultConfigurationName = Release;
		};
		CEADB2EC2357D69200A35754 /* Build configuration list for PBXNativeTarget "ShoppingList" */ = {
			isa = XCConfigurationList;
			buildConfigurations = (
				CEADB2ED2357D69200A35754 /* Debug */,
				CEADB2EE2357D69200A35754 /* Release */,
			);
			defaultConfigurationIsVisible = 0;
			defaultConfigurationName = Release;
		};
		CEADB2EF2357D69200A35754 /* Build configuration list for PBXNativeTarget "ShoppingListTests" */ = {
			isa = XCConfigurationList;
			buildConfigurations = (
				CEADB2F02357D69200A35754 /* Debug */,
				CEADB2F12357D69200A35754 /* Release */,
			);
			defaultConfigurationIsVisible = 0;
			defaultConfigurationName = Release;
		};
		CEADB2F22357D69200A35754 /* Build configuration list for PBXNativeTarget "ShoppingListUITests" */ = {
			isa = XCConfigurationList;
			buildConfigurations = (
				CEADB2F32357D69200A35754 /* Debug */,
				CEADB2F42357D69200A35754 /* Release */,
			);
			defaultConfigurationIsVisible = 0;
			defaultConfigurationName = Release;
		};
/* End XCConfigurationList section */
	};
	rootObject = CEADB2BA2357D68F00A35754 /* Project object */;
}
